
Microsoft Visual Studio Solution File, Format Version 12.00
# Visual Studio Version 17
VisualStudioVersion = 17.0.31903.59
MinimumVisualStudioVersion = 10.0.40219.1
Project("{FAE04EC0-301F-11D3-BF4B-00C04F79EFBC}") = "ih0.Claude.Agent.SDK", "src\ih0.Claude.Agent.SDK\ih0.Claude.Agent.SDK.csproj", "{A1B2C3D4-E5F6-7890-ABCD-EF1234567890}"
EndProject
Project("{FAE04EC0-301F-11D3-BF4B-00C04F79EFBC}") = "ih0.Claude.Agent.SDK.Tests", "tests\ih0.Claude.Agent.SDK.Tests\ih0.Claude.Agent.SDK.Tests.csproj", "{B2C3D4E5-F6A7-8901-BCDE-F12345678901}"
EndProject
Project("{2150E333-8FDC-42A3-9474-1A3956D46DE8}") = "examples", "examples", "{C3D4E5F6-A7B8-9012-CDEF-123456789012}"
EndProject
Project("{FAE04EC0-301F-11D3-BF4B-00C04F79EFBC}") = "QuickStart", "examples\QuickStart\QuickStart.csproj", "{D4E5F6A7-B8C9-0123-DEF0-234567890123}"
EndProject
Project("{FAE04EC0-301F-11D3-BF4B-00C04F79EFBC}") = "StreamingMode", "examples\StreamingMode\StreamingMode.csproj", "{E5F6A7B8-C9D0-1234-EF01-345678901234}"
EndProject
Project("{FAE04EC0-301F-11D3-BF4B-00C04F79EFBC}") = "McpCalculator", "examples\McpCalculator\McpCalculator.csproj", "{F6A7B8C9-D0E1-2345-F012-456789012345}"
EndProject
Project("{FAE04EC0-301F-11D3-BF4B-00C04F79EFBC}") = "Hooks", "examples\Hooks\Hooks.csproj", "{A7B8C9D0-E1F2-3456-0123-567890123456}"
EndProject
Project("{FAE04EC0-301F-11D3-BF4B-00C04F79EFBC}") = "ToolPermissions", "examples\ToolPermissions\ToolPermissions.csproj", "{B8C9D0E1-F2A3-4567-1234-678901234567}"
EndProject
Project("{FAE04EC0-301F-11D3-BF4B-00C04F79EFBC}") = "Agents", "examples\Agents\Agents.csproj", "{035FEDD6-FB7E-4AB1-8313-9B6934A02E1C}"
EndProject
Project("{2150E333-8FDC-42A3-9474-1A3956D46DE8}") = "src", "src", "{827E0CD3-B72D-47B6-A68D-7590B98EB39B}"
EndProject
Project("{FAE04EC0-301F-11D3-BF4B-00C04F79EFBC}") = "FilesystemAgents", "examples\FilesystemAgents\FilesystemAgents.csproj", "{93D8F803-53F8-4DF3-9FCF-FB40ED8EC7BD}"
EndProject
Project("{FAE04EC0-301F-11D3-BF4B-00C04F79EFBC}") = "IncludePartialMessages", "examples\IncludePartialMessages\IncludePartialMessages.csproj", "{EA8E5FA0-DE83-4A43-A8C9-CCBC7E7F0054}"
EndProject
Project("{FAE04EC0-301F-11D3-BF4B-00C04F79EFBC}") = "MaxBudgetUsd", "examples\MaxBudgetUsd\MaxBudgetUsd.csproj", "{F8E96E56-28BE-4F52-AAE5-661D37F977D1}"
EndProject
Project("{FAE04EC0-301F-11D3-BF4B-00C04F79EFBC}") = "SettingSources", "examples\SettingSources\SettingSources.csproj", "{4D573029-4FB7-4D24-BAA2-F5E7FE89FB7C}"
EndProject
Project("{FAE04EC0-301F-11D3-BF4B-00C04F79EFBC}") = "StderrCallback", "examples\StderrCallback\StderrCallback.csproj", "{91D036E4-57B9-4EC2-9E97-9B4B1FF454D5}"
EndProject
Project("{FAE04EC0-301F-11D3-BF4B-00C04F79EFBC}") = "SystemPrompt", "examples\SystemPrompt\SystemPrompt.csproj", "{1457A811-AA92-4E89-B7B6-EC5A957219DD}"
EndProject
Project("{FAE04EC0-301F-11D3-BF4B-00C04F79EFBC}") = "ToolsOption", "examples\ToolsOption\ToolsOption.csproj", "{A450BC06-BCC4-42A3-8EEA-6EA54AD8DD43}"
EndProject
Project("{FAE04EC0-301F-11D3-BF4B-00C04F79EFBC}") = "PluginExample", "examples\PluginExample\PluginExample.csproj", "{A67C0F49-9B0E-42B4-93CA-56BD1CEE1A34}"
EndProject
Project("{FAE04EC0-301F-11D3-BF4B-00C04F79EFBC}") = "AdvancedAsync", "examples\AdvancedAsync\AdvancedAsync.csproj", "{D7DB792A-DAE8-4D26-9B98-3543DEBC3F9E}"
EndProject
Project("{FAE04EC0-301F-11D3-BF4B-00C04F79EFBC}") = "OptionsBuilder", "examples\OptionsBuilder\OptionsBuilder.csproj", "{DECF7620-2E7A-4560-BB61-5BF9792DC074}"
EndProject
Project("{FAE04EC0-301F-11D3-BF4B-00C04F79EFBC}") = "ConfigurationExample", "examples\ConfigurationExample\ConfigurationExample.csproj", "{7BA502EA-3C1E-401E-A0A5-3A511A07B7D5}"
EndProject
Project("{FAE04EC0-301F-11D3-BF4B-00C04F79EFBC}") = "DependencyInjection", "examples\DependencyInjection\DependencyInjection.csproj", "{A7085606-203B-4A91-8021-E1F66FE83D2C}"
EndProject
Project("{2150E333-8FDC-42A3-9474-1A3956D46DE8}") = "tests", "tests", "{0AB3BF05-4346-4AA6-1389-037BE0695223}"
EndProject
Project("{FAE04EC0-301F-11D3-BF4B-00C04F79EFBC}") = "ih0.Claude.Agent.SDK.IntegrationTests", "tests\ih0.Claude.Agent.SDK.IntegrationTests\ih0.Claude.Agent.SDK.IntegrationTests.csproj", "{9F2C87D7-6194-42A8-949B-DC648672D452}"
EndProject
Global
	GlobalSection(SolutionConfigurationPlatforms) = preSolution
		Debug|Any CPU = Debug|Any CPU
		Debug|x64 = Debug|x64
		Debug|x86 = Debug|x86
		Release|Any CPU = Release|Any CPU
		Release|x64 = Release|x64
		Release|x86 = Release|x86
	EndGlobalSection
	GlobalSection(ProjectConfigurationPlatforms) = postSolution
		{A1B2C3D4-E5F6-7890-ABCD-EF1234567890}.Debug|Any CPU.ActiveCfg = Debug|Any CPU
		{A1B2C3D4-E5F6-7890-ABCD-EF1234567890}.Debug|Any CPU.Build.0 = Debug|Any CPU
		{A1B2C3D4-E5F6-7890-ABCD-EF1234567890}.Debug|x64.ActiveCfg = Debug|Any CPU
		{A1B2C3D4-E5F6-7890-ABCD-EF1234567890}.Debug|x64.Build.0 = Debug|Any CPU
		{A1B2C3D4-E5F6-7890-ABCD-EF1234567890}.Debug|x86.ActiveCfg = Debug|Any CPU
		{A1B2C3D4-E5F6-7890-ABCD-EF1234567890}.Debug|x86.Build.0 = Debug|Any CPU
		{A1B2C3D4-E5F6-7890-ABCD-EF1234567890}.Release|Any CPU.ActiveCfg = Release|Any CPU
		{A1B2C3D4-E5F6-7890-ABCD-EF1234567890}.Release|Any CPU.Build.0 = Release|Any CPU
		{A1B2C3D4-E5F6-7890-ABCD-EF1234567890}.Release|x64.ActiveCfg = Release|Any CPU
		{A1B2C3D4-E5F6-7890-ABCD-EF1234567890}.Release|x64.Build.0 = Release|Any CPU
		{A1B2C3D4-E5F6-7890-ABCD-EF1234567890}.Release|x86.ActiveCfg = Release|Any CPU
		{A1B2C3D4-E5F6-7890-ABCD-EF1234567890}.Release|x86.Build.0 = Release|Any CPU
		{B2C3D4E5-F6A7-8901-BCDE-F12345678901}.Debug|Any CPU.ActiveCfg = Debug|Any CPU
		{B2C3D4E5-F6A7-8901-BCDE-F12345678901}.Debug|Any CPU.Build.0 = Debug|Any CPU
		{B2C3D4E5-F6A7-8901-BCDE-F12345678901}.Debug|x64.ActiveCfg = Debug|Any CPU
		{B2C3D4E5-F6A7-8901-BCDE-F12345678901}.Debug|x64.Build.0 = Debug|Any CPU
		{B2C3D4E5-F6A7-8901-BCDE-F12345678901}.Debug|x86.ActiveCfg = Debug|Any CPU
		{B2C3D4E5-F6A7-8901-BCDE-F12345678901}.Debug|x86.Build.0 = Debug|Any CPU
		{B2C3D4E5-F6A7-8901-BCDE-F12345678901}.Release|Any CPU.ActiveCfg = Release|Any CPU
		{B2C3D4E5-F6A7-8901-BCDE-F12345678901}.Release|Any CPU.Build.0 = Release|Any CPU
		{B2C3D4E5-F6A7-8901-BCDE-F12345678901}.Release|x64.ActiveCfg = Release|Any CPU
		{B2C3D4E5-F6A7-8901-BCDE-F12345678901}.Release|x64.Build.0 = Release|Any CPU
		{B2C3D4E5-F6A7-8901-BCDE-F12345678901}.Release|x86.ActiveCfg = Release|Any CPU
		{B2C3D4E5-F6A7-8901-BCDE-F12345678901}.Release|x86.Build.0 = Release|Any CPU
		{D4E5F6A7-B8C9-0123-DEF0-234567890123}.Debug|Any CPU.ActiveCfg = Debug|Any CPU
		{D4E5F6A7-B8C9-0123-DEF0-234567890123}.Debug|Any CPU.Build.0 = Debug|Any CPU
		{D4E5F6A7-B8C9-0123-DEF0-234567890123}.Debug|x64.ActiveCfg = Debug|Any CPU
		{D4E5F6A7-B8C9-0123-DEF0-234567890123}.Debug|x64.Build.0 = Debug|Any CPU
		{D4E5F6A7-B8C9-0123-DEF0-234567890123}.Debug|x86.ActiveCfg = Debug|Any CPU
		{D4E5F6A7-B8C9-0123-DEF0-234567890123}.Debug|x86.Build.0 = Debug|Any CPU
		{D4E5F6A7-B8C9-0123-DEF0-234567890123}.Release|Any CPU.ActiveCfg = Release|Any CPU
		{D4E5F6A7-B8C9-0123-DEF0-234567890123}.Release|Any CPU.Build.0 = Release|Any CPU
		{D4E5F6A7-B8C9-0123-DEF0-234567890123}.Release|x64.ActiveCfg = Release|Any CPU
		{D4E5F6A7-B8C9-0123-DEF0-234567890123}.Release|x64.Build.0 = Release|Any CPU
		{D4E5F6A7-B8C9-0123-DEF0-234567890123}.Release|x86.ActiveCfg = Release|Any CPU
		{D4E5F6A7-B8C9-0123-DEF0-234567890123}.Release|x86.Build.0 = Release|Any CPU
		{E5F6A7B8-C9D0-1234-EF01-345678901234}.Debug|Any CPU.ActiveCfg = Debug|Any CPU
		{E5F6A7B8-C9D0-1234-EF01-345678901234}.Debug|Any CPU.Build.0 = Debug|Any CPU
		{E5F6A7B8-C9D0-1234-EF01-345678901234}.Debug|x64.ActiveCfg = Debug|Any CPU
		{E5F6A7B8-C9D0-1234-EF01-345678901234}.Debug|x64.Build.0 = Debug|Any CPU
		{E5F6A7B8-C9D0-1234-EF01-345678901234}.Debug|x86.ActiveCfg = Debug|Any CPU
		{E5F6A7B8-C9D0-1234-EF01-345678901234}.Debug|x86.Build.0 = Debug|Any CPU
		{E5F6A7B8-C9D0-1234-EF01-345678901234}.Release|Any CPU.ActiveCfg = Release|Any CPU
		{E5F6A7B8-C9D0-1234-EF01-345678901234}.Release|Any CPU.Build.0 = Release|Any CPU
		{E5F6A7B8-C9D0-1234-EF01-345678901234}.Release|x64.ActiveCfg = Release|Any CPU
		{E5F6A7B8-C9D0-1234-EF01-345678901234}.Release|x64.Build.0 = Release|Any CPU
		{E5F6A7B8-C9D0-1234-EF01-345678901234}.Release|x86.ActiveCfg = Release|Any CPU
		{E5F6A7B8-C9D0-1234-EF01-345678901234}.Release|x86.Build.0 = Release|Any CPU
		{F6A7B8C9-D0E1-2345-F012-456789012345}.Debug|Any CPU.ActiveCfg = Debug|Any CPU
		{F6A7B8C9-D0E1-2345-F012-456789012345}.Debug|Any CPU.Build.0 = Debug|Any CPU
		{F6A7B8C9-D0E1-2345-F012-456789012345}.Debug|x64.ActiveCfg = Debug|Any CPU
		{F6A7B8C9-D0E1-2345-F012-456789012345}.Debug|x64.Build.0 = Debug|Any CPU
		{F6A7B8C9-D0E1-2345-F012-456789012345}.Debug|x86.ActiveCfg = Debug|Any CPU
		{F6A7B8C9-D0E1-2345-F012-456789012345}.Debug|x86.Build.0 = Debug|Any CPU
		{F6A7B8C9-D0E1-2345-F012-456789012345}.Release|Any CPU.ActiveCfg = Release|Any CPU
		{F6A7B8C9-D0E1-2345-F012-456789012345}.Release|Any CPU.Build.0 = Release|Any CPU
		{F6A7B8C9-D0E1-2345-F012-456789012345}.Release|x64.ActiveCfg = Release|Any CPU
		{F6A7B8C9-D0E1-2345-F012-456789012345}.Release|x64.Build.0 = Release|Any CPU
		{F6A7B8C9-D0E1-2345-F012-456789012345}.Release|x86.ActiveCfg = Release|Any CPU
		{F6A7B8C9-D0E1-2345-F012-456789012345}.Release|x86.Build.0 = Release|Any CPU
		{A7B8C9D0-E1F2-3456-0123-567890123456}.Debug|Any CPU.ActiveCfg = Debug|Any CPU
		{A7B8C9D0-E1F2-3456-0123-567890123456}.Debug|Any CPU.Build.0 = Debug|Any CPU
		{A7B8C9D0-E1F2-3456-0123-567890123456}.Debug|x64.ActiveCfg = Debug|Any CPU
		{A7B8C9D0-E1F2-3456-0123-567890123456}.Debug|x64.Build.0 = Debug|Any CPU
		{A7B8C9D0-E1F2-3456-0123-567890123456}.Debug|x86.ActiveCfg = Debug|Any CPU
		{A7B8C9D0-E1F2-3456-0123-567890123456}.Debug|x86.Build.0 = Debug|Any CPU
		{A7B8C9D0-E1F2-3456-0123-567890123456}.Release|Any CPU.ActiveCfg = Release|Any CPU
		{A7B8C9D0-E1F2-3456-0123-567890123456}.Release|Any CPU.Build.0 = Release|Any CPU
		{A7B8C9D0-E1F2-3456-0123-567890123456}.Release|x64.ActiveCfg = Release|Any CPU
		{A7B8C9D0-E1F2-3456-0123-567890123456}.Release|x64.Build.0 = Release|Any CPU
		{A7B8C9D0-E1F2-3456-0123-567890123456}.Release|x86.ActiveCfg = Release|Any CPU
		{A7B8C9D0-E1F2-3456-0123-567890123456}.Release|x86.Build.0 = Release|Any CPU
		{B8C9D0E1-F2A3-4567-1234-678901234567}.Debug|Any CPU.ActiveCfg = Debug|Any CPU
		{B8C9D0E1-F2A3-4567-1234-678901234567}.Debug|Any CPU.Build.0 = Debug|Any CPU
		{B8C9D0E1-F2A3-4567-1234-678901234567}.Debug|x64.ActiveCfg = Debug|Any CPU
		{B8C9D0E1-F2A3-4567-1234-678901234567}.Debug|x64.Build.0 = Debug|Any CPU
		{B8C9D0E1-F2A3-4567-1234-678901234567}.Debug|x86.ActiveCfg = Debug|Any CPU
		{B8C9D0E1-F2A3-4567-1234-678901234567}.Debug|x86.Build.0 = Debug|Any CPU
		{B8C9D0E1-F2A3-4567-1234-678901234567}.Release|Any CPU.ActiveCfg = Release|Any CPU
		{B8C9D0E1-F2A3-4567-1234-678901234567}.Release|Any CPU.Build.0 = Release|Any CPU
		{B8C9D0E1-F2A3-4567-1234-678901234567}.Release|x64.ActiveCfg = Release|Any CPU
		{B8C9D0E1-F2A3-4567-1234-678901234567}.Release|x64.Build.0 = Release|Any CPU
		{B8C9D0E1-F2A3-4567-1234-678901234567}.Release|x86.ActiveCfg = Release|Any CPU
		{B8C9D0E1-F2A3-4567-1234-678901234567}.Release|x86.Build.0 = Release|Any CPU
		{035FEDD6-FB7E-4AB1-8313-9B6934A02E1C}.Debug|Any CPU.ActiveCfg = Debug|Any CPU
		{035FEDD6-FB7E-4AB1-8313-9B6934A02E1C}.Debug|Any CPU.Build.0 = Debug|Any CPU
		{035FEDD6-FB7E-4AB1-8313-9B6934A02E1C}.Debug|x64.ActiveCfg = Debug|Any CPU
		{035FEDD6-FB7E-4AB1-8313-9B6934A02E1C}.Debug|x64.Build.0 = Debug|Any CPU
		{035FEDD6-FB7E-4AB1-8313-9B6934A02E1C}.Debug|x86.ActiveCfg = Debug|Any CPU
		{035FEDD6-FB7E-4AB1-8313-9B6934A02E1C}.Debug|x86.Build.0 = Debug|Any CPU
		{035FEDD6-FB7E-4AB1-8313-9B6934A02E1C}.Release|Any CPU.ActiveCfg = Release|Any CPU
		{035FEDD6-FB7E-4AB1-8313-9B6934A02E1C}.Release|Any CPU.Build.0 = Release|Any CPU
		{035FEDD6-FB7E-4AB1-8313-9B6934A02E1C}.Release|x64.ActiveCfg = Release|Any CPU
		{035FEDD6-FB7E-4AB1-8313-9B6934A02E1C}.Release|x64.Build.0 = Release|Any CPU
		{035FEDD6-FB7E-4AB1-8313-9B6934A02E1C}.Release|x86.ActiveCfg = Release|Any CPU
		{035FEDD6-FB7E-4AB1-8313-9B6934A02E1C}.Release|x86.Build.0 = Release|Any CPU
		{93D8F803-53F8-4DF3-9FCF-FB40ED8EC7BD}.Debug|Any CPU.ActiveCfg = Debug|Any CPU
		{93D8F803-53F8-4DF3-9FCF-FB40ED8EC7BD}.Debug|Any CPU.Build.0 = Debug|Any CPU
		{93D8F803-53F8-4DF3-9FCF-FB40ED8EC7BD}.Debug|x64.ActiveCfg = Debug|Any CPU
		{93D8F803-53F8-4DF3-9FCF-FB40ED8EC7BD}.Debug|x64.Build.0 = Debug|Any CPU
		{93D8F803-53F8-4DF3-9FCF-FB40ED8EC7BD}.Debug|x86.ActiveCfg = Debug|Any CPU
		{93D8F803-53F8-4DF3-9FCF-FB40ED8EC7BD}.Debug|x86.Build.0 = Debug|Any CPU
		{93D8F803-53F8-4DF3-9FCF-FB40ED8EC7BD}.Release|Any CPU.ActiveCfg = Release|Any CPU
		{93D8F803-53F8-4DF3-9FCF-FB40ED8EC7BD}.Release|Any CPU.Build.0 = Release|Any CPU
		{93D8F803-53F8-4DF3-9FCF-FB40ED8EC7BD}.Release|x64.ActiveCfg = Release|Any CPU
		{93D8F803-53F8-4DF3-9FCF-FB40ED8EC7BD}.Release|x64.Build.0 = Release|Any CPU
		{93D8F803-53F8-4DF3-9FCF-FB40ED8EC7BD}.Release|x86.ActiveCfg = Release|Any CPU
		{93D8F803-53F8-4DF3-9FCF-FB40ED8EC7BD}.Release|x86.Build.0 = Release|Any CPU
		{EA8E5FA0-DE83-4A43-A8C9-CCBC7E7F0054}.Debug|Any CPU.ActiveCfg = Debug|Any CPU
		{EA8E5FA0-DE83-4A43-A8C9-CCBC7E7F0054}.Debug|Any CPU.Build.0 = Debug|Any CPU
		{EA8E5FA0-DE83-4A43-A8C9-CCBC7E7F0054}.Debug|x64.ActiveCfg = Debug|Any CPU
		{EA8E5FA0-DE83-4A43-A8C9-CCBC7E7F0054}.Debug|x64.Build.0 = Debug|Any CPU
		{EA8E5FA0-DE83-4A43-A8C9-CCBC7E7F0054}.Debug|x86.ActiveCfg = Debug|Any CPU
		{EA8E5FA0-DE83-4A43-A8C9-CCBC7E7F0054}.Debug|x86.Build.0 = Debug|Any CPU
		{EA8E5FA0-DE83-4A43-A8C9-CCBC7E7F0054}.Release|Any CPU.ActiveCfg = Release|Any CPU
		{EA8E5FA0-DE83-4A43-A8C9-CCBC7E7F0054}.Release|Any CPU.Build.0 = Release|Any CPU
		{EA8E5FA0-DE83-4A43-A8C9-CCBC7E7F0054}.Release|x64.ActiveCfg = Release|Any CPU
		{EA8E5FA0-DE83-4A43-A8C9-CCBC7E7F0054}.Release|x64.Build.0 = Release|Any CPU
		{EA8E5FA0-DE83-4A43-A8C9-CCBC7E7F0054}.Release|x86.ActiveCfg = Release|Any CPU
		{EA8E5FA0-DE83-4A43-A8C9-CCBC7E7F0054}.Release|x86.Build.0 = Release|Any CPU
		{F8E96E56-28BE-4F52-AAE5-661D37F977D1}.Debug|Any CPU.ActiveCfg = Debug|Any CPU
		{F8E96E56-28BE-4F52-AAE5-661D37F977D1}.Debug|Any CPU.Build.0 = Debug|Any CPU
		{F8E96E56-28BE-4F52-AAE5-661D37F977D1}.Debug|x64.ActiveCfg = Debug|Any CPU
		{F8E96E56-28BE-4F52-AAE5-661D37F977D1}.Debug|x64.Build.0 = Debug|Any CPU
		{F8E96E56-28BE-4F52-AAE5-661D37F977D1}.Debug|x86.ActiveCfg = Debug|Any CPU
		{F8E96E56-28BE-4F52-AAE5-661D37F977D1}.Debug|x86.Build.0 = Debug|Any CPU
		{F8E96E56-28BE-4F52-AAE5-661D37F977D1}.Release|Any CPU.ActiveCfg = Release|Any CPU
		{F8E96E56-28BE-4F52-AAE5-661D37F977D1}.Release|Any CPU.Build.0 = Release|Any CPU
		{F8E96E56-28BE-4F52-AAE5-661D37F977D1}.Release|x64.ActiveCfg = Release|Any CPU
		{F8E96E56-28BE-4F52-AAE5-661D37F977D1}.Release|x64.Build.0 = Release|Any CPU
		{F8E96E56-28BE-4F52-AAE5-661D37F977D1}.Release|x86.ActiveCfg = Release|Any CPU
		{F8E96E56-28BE-4F52-AAE5-661D37F977D1}.Release|x86.Build.0 = Release|Any CPU
		{4D573029-4FB7-4D24-BAA2-F5E7FE89FB7C}.Debug|Any CPU.ActiveCfg = Debug|Any CPU
		{4D573029-4FB7-4D24-BAA2-F5E7FE89FB7C}.Debug|Any CPU.Build.0 = Debug|Any CPU
		{4D573029-4FB7-4D24-BAA2-F5E7FE89FB7C}.Debug|x64.ActiveCfg = Debug|Any CPU
		{4D573029-4FB7-4D24-BAA2-F5E7FE89FB7C}.Debug|x64.Build.0 = Debug|Any CPU
		{4D573029-4FB7-4D24-BAA2-F5E7FE89FB7C}.Debug|x86.ActiveCfg = Debug|Any CPU
		{4D573029-4FB7-4D24-BAA2-F5E7FE89FB7C}.Debug|x86.Build.0 = Debug|Any CPU
		{4D573029-4FB7-4D24-BAA2-F5E7FE89FB7C}.Release|Any CPU.ActiveCfg = Release|Any CPU
		{4D573029-4FB7-4D24-BAA2-F5E7FE89FB7C}.Release|Any CPU.Build.0 = Release|Any CPU
		{4D573029-4FB7-4D24-BAA2-F5E7FE89FB7C}.Release|x64.ActiveCfg = Release|Any CPU
		{4D573029-4FB7-4D24-BAA2-F5E7FE89FB7C}.Release|x64.Build.0 = Release|Any CPU
		{4D573029-4FB7-4D24-BAA2-F5E7FE89FB7C}.Release|x86.ActiveCfg = Release|Any CPU
		{4D573029-4FB7-4D24-BAA2-F5E7FE89FB7C}.Release|x86.Build.0 = Release|Any CPU
		{91D036E4-57B9-4EC2-9E97-9B4B1FF454D5}.Debug|Any CPU.ActiveCfg = Debug|Any CPU
		{91D036E4-57B9-4EC2-9E97-9B4B1FF454D5}.Debug|Any CPU.Build.0 = Debug|Any CPU
		{91D036E4-57B9-4EC2-9E97-9B4B1FF454D5}.Debug|x64.ActiveCfg = Debug|Any CPU
		{91D036E4-57B9-4EC2-9E97-9B4B1FF454D5}.Debug|x64.Build.0 = Debug|Any CPU
		{91D036E4-57B9-4EC2-9E97-9B4B1FF454D5}.Debug|x86.ActiveCfg = Debug|Any CPU
		{91D036E4-57B9-4EC2-9E97-9B4B1FF454D5}.Debug|x86.Build.0 = Debug|Any CPU
		{91D036E4-57B9-4EC2-9E97-9B4B1FF454D5}.Release|Any CPU.ActiveCfg = Release|Any CPU
		{91D036E4-57B9-4EC2-9E97-9B4B1FF454D5}.Release|Any CPU.Build.0 = Release|Any CPU
		{91D036E4-57B9-4EC2-9E97-9B4B1FF454D5}.Release|x64.ActiveCfg = Release|Any CPU
		{91D036E4-57B9-4EC2-9E97-9B4B1FF454D5}.Release|x64.Build.0 = Release|Any CPU
		{91D036E4-57B9-4EC2-9E97-9B4B1FF454D5}.Release|x86.ActiveCfg = Release|Any CPU
		{91D036E4-57B9-4EC2-9E97-9B4B1FF454D5}.Release|x86.Build.0 = Release|Any CPU
		{1457A811-AA92-4E89-B7B6-EC5A957219DD}.Debug|Any CPU.ActiveCfg = Debug|Any CPU
		{1457A811-AA92-4E89-B7B6-EC5A957219DD}.Debug|Any CPU.Build.0 = Debug|Any CPU
		{1457A811-AA92-4E89-B7B6-EC5A957219DD}.Debug|x64.ActiveCfg = Debug|Any CPU
		{1457A811-AA92-4E89-B7B6-EC5A957219DD}.Debug|x64.Build.0 = Debug|Any CPU
		{1457A811-AA92-4E89-B7B6-EC5A957219DD}.Debug|x86.ActiveCfg = Debug|Any CPU
		{1457A811-AA92-4E89-B7B6-EC5A957219DD}.Debug|x86.Build.0 = Debug|Any CPU
		{1457A811-AA92-4E89-B7B6-EC5A957219DD}.Release|Any CPU.ActiveCfg = Release|Any CPU
		{1457A811-AA92-4E89-B7B6-EC5A957219DD}.Release|Any CPU.Build.0 = Release|Any CPU
		{1457A811-AA92-4E89-B7B6-EC5A957219DD}.Release|x64.ActiveCfg = Release|Any CPU
		{1457A811-AA92-4E89-B7B6-EC5A957219DD}.Release|x64.Build.0 = Release|Any CPU
		{1457A811-AA92-4E89-B7B6-EC5A957219DD}.Release|x86.ActiveCfg = Release|Any CPU
		{1457A811-AA92-4E89-B7B6-EC5A957219DD}.Release|x86.Build.0 = Release|Any CPU
		{A450BC06-BCC4-42A3-8EEA-6EA54AD8DD43}.Debug|Any CPU.ActiveCfg = Debug|Any CPU
		{A450BC06-BCC4-42A3-8EEA-6EA54AD8DD43}.Debug|Any CPU.Build.0 = Debug|Any CPU
		{A450BC06-BCC4-42A3-8EEA-6EA54AD8DD43}.Debug|x64.ActiveCfg = Debug|Any CPU
		{A450BC06-BCC4-42A3-8EEA-6EA54AD8DD43}.Debug|x64.Build.0 = Debug|Any CPU
		{A450BC06-BCC4-42A3-8EEA-6EA54AD8DD43}.Debug|x86.ActiveCfg = Debug|Any CPU
		{A450BC06-BCC4-42A3-8EEA-6EA54AD8DD43}.Debug|x86.Build.0 = Debug|Any CPU
		{A450BC06-BCC4-42A3-8EEA-6EA54AD8DD43}.Release|Any CPU.ActiveCfg = Release|Any CPU
		{A450BC06-BCC4-42A3-8EEA-6EA54AD8DD43}.Release|Any CPU.Build.0 = Release|Any CPU
		{A450BC06-BCC4-42A3-8EEA-6EA54AD8DD43}.Release|x64.ActiveCfg = Release|Any CPU
		{A450BC06-BCC4-42A3-8EEA-6EA54AD8DD43}.Release|x64.Build.0 = Release|Any CPU
		{A450BC06-BCC4-42A3-8EEA-6EA54AD8DD43}.Release|x86.ActiveCfg = Release|Any CPU
		{A450BC06-BCC4-42A3-8EEA-6EA54AD8DD43}.Release|x86.Build.0 = Release|Any CPU
		{A67C0F49-9B0E-42B4-93CA-56BD1CEE1A34}.Debug|Any CPU.ActiveCfg = Debug|Any CPU
		{A67C0F49-9B0E-42B4-93CA-56BD1CEE1A34}.Debug|Any CPU.Build.0 = Debug|Any CPU
		{A67C0F49-9B0E-42B4-93CA-56BD1CEE1A34}.Debug|x64.ActiveCfg = Debug|Any CPU
		{A67C0F49-9B0E-42B4-93CA-56BD1CEE1A34}.Debug|x64.Build.0 = Debug|Any CPU
		{A67C0F49-9B0E-42B4-93CA-56BD1CEE1A34}.Debug|x86.ActiveCfg = Debug|Any CPU
		{A67C0F49-9B0E-42B4-93CA-56BD1CEE1A34}.Debug|x86.Build.0 = Debug|Any CPU
		{A67C0F49-9B0E-42B4-93CA-56BD1CEE1A34}.Release|Any CPU.ActiveCfg = Release|Any CPU
		{A67C0F49-9B0E-42B4-93CA-56BD1CEE1A34}.Release|Any CPU.Build.0 = Release|Any CPU
		{A67C0F49-9B0E-42B4-93CA-56BD1CEE1A34}.Release|x64.ActiveCfg = Release|Any CPU
		{A67C0F49-9B0E-42B4-93CA-56BD1CEE1A34}.Release|x64.Build.0 = Release|Any CPU
		{A67C0F49-9B0E-42B4-93CA-56BD1CEE1A34}.Release|x86.ActiveCfg = Release|Any CPU
		{A67C0F49-9B0E-42B4-93CA-56BD1CEE1A34}.Release|x86.Build.0 = Release|Any CPU
		{D7DB792A-DAE8-4D26-9B98-3543DEBC3F9E}.Debug|Any CPU.ActiveCfg = Debug|Any CPU
		{D7DB792A-DAE8-4D26-9B98-3543DEBC3F9E}.Debug|Any CPU.Build.0 = Debug|Any CPU
		{D7DB792A-DAE8-4D26-9B98-3543DEBC3F9E}.Debug|x64.ActiveCfg = Debug|Any CPU
		{D7DB792A-DAE8-4D26-9B98-3543DEBC3F9E}.Debug|x64.Build.0 = Debug|Any CPU
		{D7DB792A-DAE8-4D26-9B98-3543DEBC3F9E}.Debug|x86.ActiveCfg = Debug|Any CPU
		{D7DB792A-DAE8-4D26-9B98-3543DEBC3F9E}.Debug|x86.Build.0 = Debug|Any CPU
		{D7DB792A-DAE8-4D26-9B98-3543DEBC3F9E}.Release|Any CPU.ActiveCfg = Release|Any CPU
		{D7DB792A-DAE8-4D26-9B98-3543DEBC3F9E}.Release|Any CPU.Build.0 = Release|Any CPU
		{D7DB792A-DAE8-4D26-9B98-3543DEBC3F9E}.Release|x64.ActiveCfg = Release|Any CPU
		{D7DB792A-DAE8-4D26-9B98-3543DEBC3F9E}.Release|x64.Build.0 = Release|Any CPU
		{D7DB792A-DAE8-4D26-9B98-3543DEBC3F9E}.Release|x86.ActiveCfg = Release|Any CPU
		{D7DB792A-DAE8-4D26-9B98-3543DEBC3F9E}.Release|x86.Build.0 = Release|Any CPU
		{DECF7620-2E7A-4560-BB61-5BF9792DC074}.Debug|Any CPU.ActiveCfg = Debug|Any CPU
		{DECF7620-2E7A-4560-BB61-5BF9792DC074}.Debug|Any CPU.Build.0 = Debug|Any CPU
		{DECF7620-2E7A-4560-BB61-5BF9792DC074}.Debug|x64.ActiveCfg = Debug|Any CPU
		{DECF7620-2E7A-4560-BB61-5BF9792DC074}.Debug|x64.Build.0 = Debug|Any CPU
		{DECF7620-2E7A-4560-BB61-5BF9792DC074}.Debug|x86.ActiveCfg = Debug|Any CPU
		{DECF7620-2E7A-4560-BB61-5BF9792DC074}.Debug|x86.Build.0 = Debug|Any CPU
		{DECF7620-2E7A-4560-BB61-5BF9792DC074}.Release|Any CPU.ActiveCfg = Release|Any CPU
		{DECF7620-2E7A-4560-BB61-5BF9792DC074}.Release|Any CPU.Build.0 = Release|Any CPU
		{DECF7620-2E7A-4560-BB61-5BF9792DC074}.Release|x64.ActiveCfg = Release|Any CPU
		{DECF7620-2E7A-4560-BB61-5BF9792DC074}.Release|x64.Build.0 = Release|Any CPU
		{DECF7620-2E7A-4560-BB61-5BF9792DC074}.Release|x86.ActiveCfg = Release|Any CPU
		{DECF7620-2E7A-4560-BB61-5BF9792DC074}.Release|x86.Build.0 = Release|Any CPU
		{7BA502EA-3C1E-401E-A0A5-3A511A07B7D5}.Debug|Any CPU.ActiveCfg = Debug|Any CPU
		{7BA502EA-3C1E-401E-A0A5-3A511A07B7D5}.Debug|Any CPU.Build.0 = Debug|Any CPU
		{7BA502EA-3C1E-401E-A0A5-3A511A07B7D5}.Debug|x64.ActiveCfg = Debug|Any CPU
		{7BA502EA-3C1E-401E-A0A5-3A511A07B7D5}.Debug|x64.Build.0 = Debug|Any CPU
		{7BA502EA-3C1E-401E-A0A5-3A511A07B7D5}.Debug|x86.ActiveCfg = Debug|Any CPU
		{7BA502EA-3C1E-401E-A0A5-3A511A07B7D5}.Debug|x86.Build.0 = Debug|Any CPU
		{7BA502EA-3C1E-401E-A0A5-3A511A07B7D5}.Release|Any CPU.ActiveCfg = Release|Any CPU
		{7BA502EA-3C1E-401E-A0A5-3A511A07B7D5}.Release|Any CPU.Build.0 = Release|Any CPU
		{7BA502EA-3C1E-401E-A0A5-3A511A07B7D5}.Release|x64.ActiveCfg = Release|Any CPU
		{7BA502EA-3C1E-401E-A0A5-3A511A07B7D5}.Release|x64.Build.0 = Release|Any CPU
		{7BA502EA-3C1E-401E-A0A5-3A511A07B7D5}.Release|x86.ActiveCfg = Release|Any CPU
		{7BA502EA-3C1E-401E-A0A5-3A511A07B7D5}.Release|x86.Build.0 = Release|Any CPU
		{A7085606-203B-4A91-8021-E1F66FE83D2C}.Debug|Any CPU.ActiveCfg = Debug|Any CPU
		{A7085606-203B-4A91-8021-E1F66FE83D2C}.Debug|Any CPU.Build.0 = Debug|Any CPU
		{A7085606-203B-4A91-8021-E1F66FE83D2C}.Debug|x64.ActiveCfg = Debug|Any CPU
		{A7085606-203B-4A91-8021-E1F66FE83D2C}.Debug|x64.Build.0 = Debug|Any CPU
		{A7085606-203B-4A91-8021-E1F66FE83D2C}.Debug|x86.ActiveCfg = Debug|Any CPU
		{A7085606-203B-4A91-8021-E1F66FE83D2C}.Debug|x86.Build.0 = Debug|Any CPU
		{A7085606-203B-4A91-8021-E1F66FE83D2C}.Release|Any CPU.ActiveCfg = Release|Any CPU
		{A7085606-203B-4A91-8021-E1F66FE83D2C}.Release|Any CPU.Build.0 = Release|Any CPU
		{A7085606-203B-4A91-8021-E1F66FE83D2C}.Release|x64.ActiveCfg = Release|Any CPU
		{A7085606-203B-4A91-8021-E1F66FE83D2C}.Release|x64.Build.0 = Release|Any CPU
		{A7085606-203B-4A91-8021-E1F66FE83D2C}.Release|x86.ActiveCfg = Release|Any CPU
		{A7085606-203B-4A91-8021-E1F66FE83D2C}.Release|x86.Build.0 = Release|Any CPU
		{9F2C87D7-6194-42A8-949B-DC648672D452}.Debug|Any CPU.ActiveCfg = Debug|Any CPU
		{9F2C87D7-6194-42A8-949B-DC648672D452}.Debug|Any CPU.Build.0 = Debug|Any CPU
		{9F2C87D7-6194-42A8-949B-DC648672D452}.Debug|x64.ActiveCfg = Debug|Any CPU
		{9F2C87D7-6194-42A8-949B-DC648672D452}.Debug|x64.Build.0 = Debug|Any CPU
		{9F2C87D7-6194-42A8-949B-DC648672D452}.Debug|x86.ActiveCfg = Debug|Any CPU
		{9F2C87D7-6194-42A8-949B-DC648672D452}.Debug|x86.Build.0 = Debug|Any CPU
		{9F2C87D7-6194-42A8-949B-DC648672D452}.Release|Any CPU.ActiveCfg = Release|Any CPU
		{9F2C87D7-6194-42A8-949B-DC648672D452}.Release|Any CPU.Build.0 = Release|Any CPU
		{9F2C87D7-6194-42A8-949B-DC648672D452}.Release|x64.ActiveCfg = Release|Any CPU
		{9F2C87D7-6194-42A8-949B-DC648672D452}.Release|x64.Build.0 = Release|Any CPU
		{9F2C87D7-6194-42A8-949B-DC648672D452}.Release|x86.ActiveCfg = Release|Any CPU
		{9F2C87D7-6194-42A8-949B-DC648672D452}.Release|x86.Build.0 = Release|Any CPU
	EndGlobalSection
	GlobalSection(SolutionProperties) = preSolution
		HideSolutionNode = FALSE
	EndGlobalSection
	GlobalSection(NestedProjects) = preSolution
		{D4E5F6A7-B8C9-0123-DEF0-234567890123} = {C3D4E5F6-A7B8-9012-CDEF-123456789012}
		{E5F6A7B8-C9D0-1234-EF01-345678901234} = {C3D4E5F6-A7B8-9012-CDEF-123456789012}
		{F6A7B8C9-D0E1-2345-F012-456789012345} = {C3D4E5F6-A7B8-9012-CDEF-123456789012}
		{A7B8C9D0-E1F2-3456-0123-567890123456} = {C3D4E5F6-A7B8-9012-CDEF-123456789012}
		{B8C9D0E1-F2A3-4567-1234-678901234567} = {C3D4E5F6-A7B8-9012-CDEF-123456789012}
		{035FEDD6-FB7E-4AB1-8313-9B6934A02E1C} = {C3D4E5F6-A7B8-9012-CDEF-123456789012}
		{93D8F803-53F8-4DF3-9FCF-FB40ED8EC7BD} = {C3D4E5F6-A7B8-9012-CDEF-123456789012}
		{EA8E5FA0-DE83-4A43-A8C9-CCBC7E7F0054} = {C3D4E5F6-A7B8-9012-CDEF-123456789012}
		{F8E96E56-28BE-4F52-AAE5-661D37F977D1} = {C3D4E5F6-A7B8-9012-CDEF-123456789012}
		{4D573029-4FB7-4D24-BAA2-F5E7FE89FB7C} = {C3D4E5F6-A7B8-9012-CDEF-123456789012}
		{91D036E4-57B9-4EC2-9E97-9B4B1FF454D5} = {C3D4E5F6-A7B8-9012-CDEF-123456789012}
		{1457A811-AA92-4E89-B7B6-EC5A957219DD} = {C3D4E5F6-A7B8-9012-CDEF-123456789012}
		{A450BC06-BCC4-42A3-8EEA-6EA54AD8DD43} = {C3D4E5F6-A7B8-9012-CDEF-123456789012}
		{A67C0F49-9B0E-42B4-93CA-56BD1CEE1A34} = {C3D4E5F6-A7B8-9012-CDEF-123456789012}
		{D7DB792A-DAE8-4D26-9B98-3543DEBC3F9E} = {C3D4E5F6-A7B8-9012-CDEF-123456789012}
		{DECF7620-2E7A-4560-BB61-5BF9792DC074} = {C3D4E5F6-A7B8-9012-CDEF-123456789012}
		{7BA502EA-3C1E-401E-A0A5-3A511A07B7D5} = {C3D4E5F6-A7B8-9012-CDEF-123456789012}
		{A7085606-203B-4A91-8021-E1F66FE83D2C} = {C3D4E5F6-A7B8-9012-CDEF-123456789012}
		{9F2C87D7-6194-42A8-949B-DC648672D452} = {0AB3BF05-4346-4AA6-1389-037BE0695223}
	EndGlobalSection
EndGlobal
